
Microsoft Visual Studio Solution File, Format Version 12.00
# Visual Studio 15
VisualStudioVersion = 15.0.28307.2017
MinimumVisualStudioVersion = 10.0.40219.1
Project("{FAE04EC0-301F-11D3-BF4B-00C04F79EFBC}") = "ResumeConverter", "ResumeConverter\ResumeConverter.csproj", "{CF5C31B6-A5FC-4902-A53C-8ADB281D73CB}"
EndProject
Global
	GlobalSection(SolutionConfigurationPlatforms) = preSolution
		Debug|Any CPU = Debug|Any CPU
		Release|Any CPU = Release|Any CPU
	EndGlobalSection
	GlobalSection(ProjectConfigurationPlatforms) = postSolution
		{CF5C31B6-A5FC-4902-A53C-8ADB281D73CB}.Debug|Any CPU.ActiveCfg = Debug|Any CPU
		{CF5C31B6-A5FC-4902-A53C-8ADB281D73CB}.Debug|Any CPU.Build.0 = Debug|Any CPU
		{CF5C31B6-A5FC-4902-A53C-8ADB281D73CB}.Release|Any CPU.ActiveCfg = Release|Any CPU
		{CF5C31B6-A5FC-4902-A53C-8ADB281D73CB}.Release|Any CPU.Build.0 = Release|Any CPU
	EndGlobalSection
	GlobalSection(SolutionProperties) = preSolution
		HideSolutionNode = FALSE
	EndGlobalSection
	GlobalSection(ExtensibilityGlobals) = postSolution
		SolutionGuid = {762A0EB2-035D-436A-98FA-8DA7F4DEBC0B}
	EndGlobalSection
EndGlobal
